
Microsoft Visual Studio Solution File, Format Version 12.00
# Visual Studio Version 17
VisualStudioVersion = 17.9.34714.143
MinimumVisualStudioVersion = 10.0.40219.1
Project("{9A19103F-16F7-4668-BE54-9A1E7A4F7556}") = "GuestApi", "GuestApi.csproj", "{4304EDAD-63B0-4CF1-B1C8-3B3317781FD0}"
EndProject
Global
	GlobalSection(SolutionConfigurationPlatforms) = preSolution
		Debug|Any CPU = Debug|Any CPU
		Release|Any CPU = Release|Any CPU
	EndGlobalSection
	GlobalSection(ProjectConfigurationPlatforms) = postSolution
		{4304EDAD-63B0-4CF1-B1C8-3B3317781FD0}.Debug|Any CPU.ActiveCfg = Debug|Any CPU
		{4304EDAD-63B0-4CF1-B1C8-3B3317781FD0}.Debug|Any CPU.Build.0 = Debug|Any CPU
		{4304EDAD-63B0-4CF1-B1C8-3B3317781FD0}.Release|Any CPU.ActiveCfg = Release|Any CPU
		{4304EDAD-63B0-4CF1-B1C8-3B3317781FD0}.Release|Any CPU.Build.0 = Release|Any CPU
	EndGlobalSection
	GlobalSection(SolutionProperties) = preSolution
		HideSolutionNode = FALSE
	EndGlobalSection
	GlobalSection(ExtensibilityGlobals) = postSolution
		SolutionGuid = {EDE2DFA2-70CD-4835-ADB5-EBFEA0901C31}
	EndGlobalSection
EndGlobal
